lockfileVersion: '9.0'

settings:
  autoInstallPeers: true
  excludeLinksFromLockfile: false

importers:

  .:
    dependencies:
      pnpm:
        specifier: ^9.1.1
        version: 9.1.1

packages:

  pnpm@9.1.1:
    resolution: {integrity: sha512-FOkVdZwR936sB/q6TQGcGT7IY3Ip5i7Jnu+3zzw7dcZER4grfEhRQkUe46a0CAWc37e3+gNBuXXxLQ92KccRlQ==}
    engines: {node: '>=18.12'}
    hasBin: true

snapshots:

  pnpm@9.1.1: {}
